# THIS IS AN AUTOGENERATED FILE. DO NOT EDIT THIS FILE DIRECTLY.
# yarn lockfile v1


"@emnapi/runtime@^1.7.0":
  version "1.11.1"
  resolved "https://registry.yarnpkg.com/@emnapi/runtime/-/runtime-1.11.1.tgz#58f1f3d5d81a9b12f793ab688c96371901027c24"
  integrity sha512-vgj7R3y3Wgx24IQaGPA/R6YFXLHVMOZ0uVEyIQPaWs+rd1AzfEMXlAC22FYwO1XkKR6NPsq7mUandH8oIRdZFw==
  dependencies:
    tslib "^2.4.0"

"@floating-ui/core@^1.7.5":
  version "1.7.5"
  resolved "https://registry.yarnpkg.com/@floating-ui/core/-/core-1.7.5.tgz#d4af157a03330af5a60e69da7a4692507ada0622"
  integrity sha512-1Ih4WTWyw0+lKyFMcBHGbb5U5FtuHJuujoyyr5zTaWS5EYMeT6Jb2AuDeftsCsEuchO+mM2ij5+q9crhydzLhQ==
  dependencies:
    "@floating-ui/utils" "^0.2.11"

"@floating-ui/dom@^1.7.6":
  version "1.7.6"
  resolved "https://registry.yarnpkg.com/@floating-ui/dom/-/dom-1.7.6.tgz#f915bba5abbb177e1f227cacee1b4d0634b187bf"
  integrity sha512-9gZSAI5XM36880PPMm//9dfiEngYoC6Am2izES1FF406YFsjvyBMmeJ2g4SAju3xWwtuynNRFL2s9hgxpLI5SQ==
  dependencies:
    "@floating-ui/core" "^1.7.5"
    "@floating-ui/utils" "^0.2.11"

"@floating-ui/react-dom@^2.0.0", "@floating-ui/react-dom@^2.1.2":
  version "2.1.8"
  resolved "https://registry.yarnpkg.com/@floating-ui/react-dom/-/react-dom-2.1.8.tgz#5fb5a20d10aafb9505f38c24f38d00c8e1598893"
  integrity sha512-cC52bHwM/n/CxS87FH0yWdngEZrjdtLW/qVruo68qg+prK7ZQ4YGdut2GyDVpoGeAYe/h899rVeOVm6Oi40k2A==
  dependencies:
    "@floating-ui/dom" "^1.7.6"

"@floating-ui/react@^0.26.16":
  version "0.26.28"
  resolved "https://registry.yarnpkg.com/@floating-ui/react/-/react-0.26.28.tgz#93f44ebaeb02409312e9df9507e83aab4a8c0dc7"
  integrity sha512-yORQuuAtVpiRjpMhdc0wJj06b9JFjrYF4qp96j++v2NBpbi6SEGF7donUJ3TMieerQ6qVkAv1tgr7L4r5roTqw==
  dependencies:
    "@floating-ui/react-dom" "^2.1.2"
    "@floating-ui/utils" "^0.2.8"
    tabbable "^6.0.0"

"@floating-ui/utils@^0.2.11", "@floating-ui/utils@^0.2.8":
  version "0.2.11"
  resolved "https://registry.yarnpkg.com/@floating-ui/utils/-/utils-0.2.11.tgz#a269e055e40e2f45873bae9d1a2fdccbd314ea3f"
  integrity sha512-RiB/yIh78pcIxl6lLMG0CgBXAZ2Y0eVHqMPYugu+9U0AeT6YBeiJpf7lbdJNIugFP5SIjwNRgo4DhR1Qxi26Gg==

"@headlessui/react@^2.2.10":
  version "2.2.10"
  resolved "https://registry.yarnpkg.com/@headlessui/react/-/react-2.2.10.tgz#ad69258abcb9efea27a4b37e06e8c9cafd39ca63"
  integrity sha512-5pVLNK9wlpxTUTy9GpgbX/SdcRh+HBnPktjM2wbiLTH4p+2EPHBO1aoSryUCuKUIItdDWO9ITlhUL8UnUN/oIA==
  dependencies:
    "@floating-ui/react" "^0.26.16"
    "@react-aria/focus" "^3.20.2"
    "@react-aria/interactions" "^3.25.0"
    "@tanstack/react-virtual" "^3.13.9"
    use-sync-external-store "^1.5.0"

"@icons-pack/react-simple-icons@^13.13.0":
  version "13.13.0"
  resolved "https://registry.yarnpkg.com/@icons-pack/react-simple-icons/-/react-simple-icons-13.13.0.tgz#71cf5f87809a2098506108960bdc746011c21bf5"
  integrity sha512-B5HhQMIpcSH4z8IZ8HFhD59CboHceKYMpPC9kAwGyKntvPdyJJv26DLu4Z1wAjcCLyrJhf11tMhiQGom9Rxb9g==

"@img/colour@^1.0.0":
  version "1.1.0"
  resolved "https://registry.yarnpkg.com/@img/colour/-/colour-1.1.0.tgz#b0c2c2fa661adf75effd6b4964497cd80010bb9d"
  integrity sha512-Td76q7j57o/tLVdgS746cYARfSyxk8iEfRxewL9h4OMzYhbW4TAcppl0mT4eyqXddh6L/jwoM75mo7ixa/pCeQ==

"@img/sharp-darwin-arm64@0.34.5":
  version "0.34.5"
  resolved "https://registry.yarnpkg.com/@img/sharp-darwin-arm64/-/sharp-darwin-arm64-0.34.5.tgz#6e0732dcade126b6670af7aa17060b926835ea86"
  integrity sha512-imtQ3WMJXbMY4fxb/Ndp6HBTNVtWCUI0WdobyheGf5+ad6xX8VIDO8u2xE4qc/fr08CKG/7dDseFtn6M6g/r3w==
  optionalDependencies:
    "@img/sharp-libvips-darwin-arm64" "1.2.4"

"@img/sharp-darwin-x64@0.34.5":
  version "0.34.5"
  resolved "https://registry.yarnpkg.com/@img/sharp-darwin-x64/-/sharp-darwin-x64-0.34.5.tgz#19bc1dd6eba6d5a96283498b9c9f401180ee9c7b"
  integrity sha512-YNEFAF/4KQ/PeW0N+r+aVVsoIY0/qxxikF2SWdp+NRkmMB7y9LBZAVqQ4yhGCm/H3H270OSykqmQMKLBhBJDEw==
  optionalDependencies:
    "@img/sharp-libvips-darwin-x64" "1.2.4"

"@img/sharp-libvips-darwin-arm64@1.2.4":
  version "1.2.4"
  resolved "https://registry.yarnpkg.com/@img/sharp-libvips-darwin-arm64/-/sharp-libvips-darwin-arm64-1.2.4.tgz#2894c0cb87d42276c3889942e8e2db517a492c43"
  integrity sha512-zqjjo7RatFfFoP0MkQ51jfuFZBnVE2pRiaydKJ1G/rHZvnsrHAOcQALIi9sA5co5xenQdTugCvtb1cuf78Vf4g==

"@img/sharp-libvips-darwin-x64@1.2.4":
  version "1.2.4"
  resolved "https://registry.yarnpkg.com/@img/sharp-libvips-darwin-x64/-/sharp-libvips-darwin-x64-1.2.4.tgz#e63681f4539a94af9cd17246ed8881734386f8cc"
  integrity sha512-1IOd5xfVhlGwX+zXv2N93k0yMONvUlANylbJw1eTah8K/Jtpi15KC+WSiaX/nBmbm2HxRM1gZ0nSdjSsrZbGKg==

"@img/sharp-libvips-linux-arm64@1.2.4":
  version "1.2.4"
  resolved "https://registry.yarnpkg.com/@img/sharp-libvips-linux-arm64/-/sharp-libvips-linux-arm64-1.2.4.tgz#b1b288b36864b3bce545ad91fa6dadcf1a4ad318"
  integrity sha512-excjX8DfsIcJ10x1Kzr4RcWe1edC9PquDRRPx3YVCvQv+U5p7Yin2s32ftzikXojb1PIFc/9Mt28/y+iRklkrw==

"@img/sharp-libvips-linux-arm@1.2.4":
  version "1.2.4"
  resolved "https://registry.yarnpkg.com/@img/sharp-libvips-linux-arm/-/sharp-libvips-linux-arm-1.2.4.tgz#b9260dd1ebe6f9e3bdbcbdcac9d2ac125f35852d"
  integrity sha512-bFI7xcKFELdiNCVov8e44Ia4u2byA+l3XtsAj+Q8tfCwO6BQ8iDojYdvoPMqsKDkuoOo+X6HZA0s0q11ANMQ8A==

"@img/sharp-libvips-linux-ppc64@1.2.4":
  version "1.2.4"
  resolved "https://registry.yarnpkg.com/@img/sharp-libvips-linux-ppc64/-/sharp-libvips-linux-ppc64-1.2.4.tgz#4b83ecf2a829057222b38848c7b022e7b4d07aa7"
  integrity sha512-FMuvGijLDYG6lW+b/UvyilUWu5Ayu+3r2d1S8notiGCIyYU/76eig1UfMmkZ7vwgOrzKzlQbFSuQfgm7GYUPpA==

"@img/sharp-libvips-linux-riscv64@1.2.4":
  version "1.2.4"
  resolved "https://registry.yarnpkg.com/@img/sharp-libvips-linux-riscv64/-/sharp-libvips-linux-riscv64-1.2.4.tgz#880b4678009e5a2080af192332b00b0aaf8a48de"
  integrity sha512-oVDbcR4zUC0ce82teubSm+x6ETixtKZBh/qbREIOcI3cULzDyb18Sr/Wcyx7NRQeQzOiHTNbZFF1UwPS2scyGA==

"@img/sharp-libvips-linux-s390x@1.2.4":
  version "1.2.4"
  resolved "https://registry.yarnpkg.com/@img/sharp-libvips-linux-s390x/-/sharp-libvips-linux-s390x-1.2.4.tgz#74f343c8e10fad821b38f75ced30488939dc59ec"
  integrity sha512-qmp9VrzgPgMoGZyPvrQHqk02uyjA0/QrTO26Tqk6l4ZV0MPWIW6LTkqOIov+J1yEu7MbFQaDpwdwJKhbJvuRxQ==

"@img/sharp-libvips-linux-x64@1.2.4":
  version "1.2.4"
  resolved "https://registry.yarnpkg.com/@img/sharp-libvips-linux-x64/-/sharp-libvips-linux-x64-1.2.4.tgz#df4183e8bd8410f7d61b66859a35edeab0a531ce"
  integrity sha512-tJxiiLsmHc9Ax1bz3oaOYBURTXGIRDODBqhveVHonrHJ9/+k89qbLl0bcJns+e4t4rvaNBxaEZsFtSfAdquPrw==

"@img/sharp-libvips-linuxmusl-arm64@1.2.4":
  version "1.2.4"
  resolved "https://registry.yarnpkg.com/@img/sharp-libvips-linuxmusl-arm64/-/sharp-libvips-linuxmusl-arm64-1.2.4.tgz#c8d6b48211df67137541007ee8d1b7b1f8ca8e06"
  integrity sha512-FVQHuwx1IIuNow9QAbYUzJ+En8KcVm9Lk5+uGUQJHaZmMECZmOlix9HnH7n1TRkXMS0pGxIJokIVB9SuqZGGXw==

"@img/sharp-libvips-linuxmusl-x64@1.2.4":
  version "1.2.4"
  resolved "https://registry.yarnpkg.com/@img/sharp-libvips-linuxmusl-x64/-/sharp-libvips-linuxmusl-x64-1.2.4.tgz#be11c75bee5b080cbee31a153a8779448f919f75"
  integrity sha512-+LpyBk7L44ZIXwz/VYfglaX/okxezESc6UxDSoyo2Ks6Jxc4Y7sGjpgU9s4PMgqgjj1gZCylTieNamqA1MF7Dg==

"@img/sharp-linux-arm64@0.34.5":
  version "0.34.5"
  resolved "https://registry.yarnpkg.com/@img/sharp-linux-arm64/-/sharp-linux-arm64-0.34.5.tgz#7aa7764ef9c001f15e610546d42fce56911790cc"
  integrity sha512-bKQzaJRY/bkPOXyKx5EVup7qkaojECG6NLYswgktOZjaXecSAeCWiZwwiFf3/Y+O1HrauiE3FVsGxFg8c24rZg==
  optionalDependencies:
    "@img/sharp-libvips-linux-arm64" "1.2.4"

"@img/sharp-linux-arm@0.34.5":
  version "0.34.5"
  resolved "https://registry.yarnpkg.com/@img/sharp-linux-arm/-/sharp-linux-arm-0.34.5.tgz#5fb0c3695dd12522d39c3ff7a6bc816461780a0d"
  integrity sha512-9dLqsvwtg1uuXBGZKsxem9595+ujv0sJ6Vi8wcTANSFpwV/GONat5eCkzQo/1O6zRIkh0m/8+5BjrRr7jDUSZw==
  optionalDependencies:
    "@img/sharp-libvips-linux-arm" "1.2.4"

"@img/sharp-linux-ppc64@0.34.5":
  version "0.34.5"
  resolved "https://registry.yarnpkg.com/@img/sharp-linux-ppc64/-/sharp-linux-ppc64-0.34.5.tgz#9c213a81520a20caf66978f3d4c07456ff2e0813"
  integrity sha512-7zznwNaqW6YtsfrGGDA6BRkISKAAE1Jo0QdpNYXNMHu2+0dTrPflTLNkpc8l7MUP5M16ZJcUvysVWWrMefZquA==
  optionalDependencies:
    "@img/sharp-libvips-linux-ppc64" "1.2.4"

"@img/sharp-linux-riscv64@0.34.5":
  version "0.34.5"
  resolved "https://registry.yarnpkg.com/@img/sharp-linux-riscv64/-/sharp-linux-riscv64-0.34.5.tgz#cdd28182774eadbe04f62675a16aabbccb833f60"
  integrity sha512-51gJuLPTKa7piYPaVs8GmByo7/U7/7TZOq+cnXJIHZKavIRHAP77e3N2HEl3dgiqdD/w0yUfiJnII77PuDDFdw==
  optionalDependencies:
    "@img/sharp-libvips-linux-riscv64" "1.2.4"

"@img/sharp-linux-s390x@0.34.5":
  version "0.34.5"
  resolved "https://registry.yarnpkg.com/@img/sharp-linux-s390x/-/sharp-linux-s390x-0.34.5.tgz#93eac601b9f329bb27917e0e19098c722d630df7"
  integrity sha512-nQtCk0PdKfho3eC5MrbQoigJ2gd1CgddUMkabUj+rBevs8tZ2cULOx46E7oyX+04WGfABgIwmMC0VqieTiR4jg==
  optionalDependencies:
    "@img/sharp-libvips-linux-s390x" "1.2.4"

"@img/sharp-linux-x64@0.34.5":
  version "0.34.5"
  resolved "https://registry.yarnpkg.com/@img/sharp-linux-x64/-/sharp-linux-x64-0.34.5.tgz#55abc7cd754ffca5002b6c2b719abdfc846819a8"
  integrity sha512-MEzd8HPKxVxVenwAa+JRPwEC7QFjoPWuS5NZnBt6B3pu7EG2Ge0id1oLHZpPJdn3OQK+BQDiw9zStiHBTJQQQQ==
  optionalDependencies:
    "@img/sharp-libvips-linux-x64" "1.2.4"

"@img/sharp-linuxmusl-arm64@0.34.5":
  version "0.34.5"
  resolved "https://registry.yarnpkg.com/@img/sharp-linuxmusl-arm64/-/sharp-linuxmusl-arm64-0.34.5.tgz#d6515ee971bb62f73001a4829b9d865a11b77086"
  integrity sha512-fprJR6GtRsMt6Kyfq44IsChVZeGN97gTD331weR1ex1c1rypDEABN6Tm2xa1wE6lYb5DdEnk03NZPqA7Id21yg==
  optionalDependencies:
    "@img/sharp-libvips-linuxmusl-arm64" "1.2.4"

"@img/sharp-linuxmusl-x64@0.34.5":
  version "0.34.5"
  resolved "https://registry.yarnpkg.com/@img/sharp-linuxmusl-x64/-/sharp-linuxmusl-x64-0.34.5.tgz#d97978aec7c5212f999714f2f5b736457e12ee9f"
  integrity sha512-Jg8wNT1MUzIvhBFxViqrEhWDGzqymo3sV7z7ZsaWbZNDLXRJZoRGrjulp60YYtV4wfY8VIKcWidjojlLcWrd8Q==
  optionalDependencies:
    "@img/sharp-libvips-linuxmusl-x64" "1.2.4"

"@img/sharp-wasm32@0.34.5":
  version "0.34.5"
  resolved "https://registry.yarnpkg.com/@img/sharp-wasm32/-/sharp-wasm32-0.34.5.tgz#2f15803aa626f8c59dd7c9d0bbc766f1ab52cfa0"
  integrity sha512-OdWTEiVkY2PHwqkbBI8frFxQQFekHaSSkUIJkwzclWZe64O1X4UlUjqqqLaPbUpMOQk6FBu/HtlGXNblIs0huw==
  dependencies:
    "@emnapi/runtime" "^1.7.0"

"@img/sharp-win32-arm64@0.34.5":
  version "0.34.5"
  resolved "https://registry.yarnpkg.com/@img/sharp-win32-arm64/-/sharp-win32-arm64-0.34.5.tgz#3706e9e3ac35fddfc1c87f94e849f1b75307ce0a"
  integrity sha512-WQ3AgWCWYSb2yt+IG8mnC6Jdk9Whs7O0gxphblsLvdhSpSTtmu69ZG1Gkb6NuvxsNACwiPV6cNSZNzt0KPsw7g==

"@img/sharp-win32-ia32@0.34.5":
  version "0.34.5"
  resolved "https://registry.yarnpkg.com/@img/sharp-win32-ia32/-/sharp-win32-ia32-0.34.5.tgz#0b71166599b049e032f085fb9263e02f4e4788de"
  integrity sha512-FV9m/7NmeCmSHDD5j4+4pNI8Cp3aW+JvLoXcTUo0IqyjSfAZJ8dIUmijx1qaJsIiU+Hosw6xM5KijAWRJCSgNg==

"@img/sharp-win32-x64@0.34.5":
  version "0.34.5"
  resolved "https://registry.yarnpkg.com/@img/sharp-win32-x64/-/sharp-win32-x64-0.34.5.tgz#a81ffb00e69267cd0a1d626eaedb8a8430b2b2f8"
  integrity sha512-+29YMsqY2/9eFEiW93eqWnuLcWcufowXewwSNIT6UwZdUUCrM3oFjMWH/Z6/TMmb4hlFenmfAVbpWeup2jryCw==

"@internationalized/date@^3.12.2":
  version "3.12.2"
  resolved "https://registry.yarnpkg.com/@internationalized/date/-/date-3.12.2.tgz#08a65edd2a29775e22c168ddc029fb54bf9b8a85"
  integrity sha512-FY1Y+H64NDs+HAF6omlnWxm3mEpfgaCSWtL5l551ZZfImA+kGjPFgrnJrGjH6lfmLL0g8Z/mBu1R3kufeCp6Jw==
  dependencies:
    "@swc/helpers" "^0.5.0"

"@internationalized/number@^3.6.7":
  version "3.6.7"
  resolved "https://registry.yarnpkg.com/@internationalized/number/-/number-3.6.7.tgz#5a0a8fa413b5f8679a59dcf37e2a74dc508b8371"
  integrity sha512-3ji1fcrT+FPAK86UqEhB/psHixYo6niWPJtt7+qRaYFynt/BaJG8GhAPimtWUpEiVSTq8ZM8L5psMxGquiB/Vg==
  dependencies:
    "@swc/helpers" "^0.5.0"

"@internationalized/string@^3.2.9":
  version "3.2.9"
  resolved "https://registry.yarnpkg.com/@internationalized/string/-/string-3.2.9.tgz#0e50385c411eac1275d91cdeb56dd7fbc234997f"
  integrity sha512-kzP/M/mbQxODlmOt4bIQZ2SBVUWUSqMLXooXixnX7noche8WHaQcA+nwFN1K2KCF/cp+LDUhcJsCicwkvhD1pg==
  dependencies:
    "@swc/helpers" "^0.5.0"

"@next/env@16.2.9":
  version "16.2.9"
  resolved "https://registry.yarnpkg.com/@next/env/-/env-16.2.9.tgz#c2bbcb1647503cae0f11e6a326799acd1ea29e9e"
  integrity sha512-ki5VxxXfzD/9TDe13wyeTKIjQTAwBVpnr8KhRDUr8ltMUq1/NBpWNT5tiPoxiGl+PHM4X2ahSOiPk6iAimIzPg==

"@next/swc-darwin-arm64@16.2.9":
  version "16.2.9"
  resolved "https://registry.yarnpkg.com/@next/swc-darwin-arm64/-/swc-darwin-arm64-16.2.9.tgz#b67a7e67466e39be621553b7a32520bc73ca4fa4"
  integrity sha512-HkfxNYUCmcct0Xsqib5KxqMSHV4AHJq857BNRchyBDs4YS19aHzVfn1kDuBYKqLLQBjXgnkIsjV2Kd4d2wzYhw==

"@next/swc-darwin-x64@16.2.9":
  version "16.2.9"
  resolved "https://registry.yarnpkg.com/@next/swc-darwin-x64/-/swc-darwin-x64-16.2.9.tgz#817f3609c231b07d6910c074eeaf7c41ae781f2d"
  integrity sha512-7IAtK4MeybpqRV9GRABWEhJ62mOS+rzWOzOTFie4cSEtm12xsoOMJRcECoZx3FHPzFAqN/IJtHqWAFOLfl152w==

"@next/swc-linux-arm64-gnu@16.2.9":
  version "16.2.9"
  resolved "https://registry.yarnpkg.com/@next/swc-linux-arm64-gnu/-/swc-linux-arm64-gnu-16.2.9.tgz#f7314d5c268a6c440208c46da92ab8d914c02d36"
  integrity sha512-hBD75iWpUtkL9SmQmcRhmLomn9jgkPzCEkbOcLgHymPEKzv+6ONy13RRiIEz/iEObjkS2Jlb5gYS2XGoS3X4rw==

"@next/swc-linux-arm64-musl@16.2.9":
  version "16.2.9"
  resolved "https://registry.yarnpkg.com/@next/swc-linux-arm64-musl/-/swc-linux-arm64-musl-16.2.9.tgz#9258cf7a3f2f10a605ef85fb76601123f3b1d5ab"
  integrity sha512-qZTI3pf9SGc/obr8NkQAekBxmp1QK+kVm+VAf3BALLfFAj+1kUhkTxmrWpVos9R/UYIA8AWX2p6cGI5WdwzVUA==

"@next/swc-linux-x64-gnu@16.2.9":
  version "16.2.9"
  resolved "https://registry.yarnpkg.com/@next/swc-linux-x64-gnu/-/swc-linux-x64-gnu-16.2.9.tgz#a6db6095f6495c6d55c48ba946b1578f5e75a359"
  integrity sha512-xm0HfRNX+UkH4R3c18ynswjj5o5uEj/7iI9p9omdtTSIsRCzQqkGMA+10nzJ4EHnYC3as65IMhbbl5fWRUWHYg==

"@next/swc-linux-x64-musl@16.2.9":
  version "16.2.9"
  resolved "https://registry.yarnpkg.com/@next/swc-linux-x64-musl/-/swc-linux-x64-musl-16.2.9.tgz#d7f857879886c3a378285fea438ba4636fcc3a9a"
  integrity sha512-QumimHkGEG6vM3PfEDWKyKen03NcqLOkeKB1EfcPe7VxzmEiCa4jNnMyBn/US5zcd/VE1CI+O8Ovb3lfjVHfGw==

"@next/swc-win32-arm64-msvc@16.2.9":
  version "16.2.9"
  resolved "https://registry.yarnpkg.com/@next/swc-win32-arm64-msvc/-/swc-win32-arm64-msvc-16.2.9.tgz#d6d67c8e803b2c44b76b16495b5eda47165faf43"
  integrity sha512-hzQpKZvw8rAwI6A2uQh6SacCSvNAXaIkPNsWwzqqfRiIMiXMfH936skDhz1OO6KpvdKkJrgHHtqQOq5PIXOvdQ==

"@next/swc-win32-x64-msvc@16.2.9":
  version "16.2.9"
  resolved "https://registry.yarnpkg.com/@next/swc-win32-x64-msvc/-/swc-win32-x64-msvc-16.2.9.tgz#6e36f17dd615c52761691b7f5be1d9d161abed2a"
  integrity sha512-qr2VL3Ce5QrwgO2yh1ujSBawrimjVKX8FGF/cOynmdYKJY0BdHpGVNIRK1tqONB10Vkm25Ub1BD2bkjWs4+96w==

"@radix-ui/primitive@1.1.4":
  version "1.1.4"
  resolved "https://registry.yarnpkg.com/@radix-ui/primitive/-/primitive-1.1.4.tgz#47ef0f6cff4a1a1c09ebbf6d79159b7f01b967cf"
  integrity sha512-7AdCK9PQyiljKoBDbN8OuctCbd/esdwZPQ8RtOE3SsyQtUpiPb+ND75q0jEhC1m1ecBI0MFNeLJvwIh9iKHRcQ==

"@radix-ui/react-arrow@1.1.10":
  version "1.1.10"
  resolved "https://registry.yarnpkg.com/@radix-ui/react-arrow/-/react-arrow-1.1.10.tgz#67b778e5811d21d2ed6d8e6cafdbe5e6280abeb0"
  integrity sha512-j2VTDz1vgCsmuG0k5lBfOcM8n5JPFqZBcMryasFjHYMhwxYL5SRUV5lMSUpRdNtw3D/Sv8pzJtrlAgkssYSsQQ==
  dependencies:
    "@radix-ui/react-primitive" "2.1.6"

"@radix-ui/react-collection@1.1.10":
  version "1.1.10"
  resolved "https://registry.yarnpkg.com/@radix-ui/react-collection/-/react-collection-1.1.10.tgz#ed58f6d657343520e91a89c81a5dcf4358d1c8b5"
  integrity sha512-IVVz4EvBcKjrzKgof714qDnz/SzQAkLA2Emh5edlHbgcE6fNd3Un6CJLlaYcnm8N4JmAtzQgse4dOKxcD2yc9g==
  dependencies:
    "@radix-ui/react-compose-refs" "1.1.3"
    "@radix-ui/react-context" "1.1.4"
    "@radix-ui/react-primitive" "2.1.6"
    "@radix-ui/react-slot" "1.3.0"

"@radix-ui/react-compose-refs@1.1.3", "@radix-ui/react-compose-refs@^1.1.1":
  version "1.1.3"
  resolved "https://registry.yarnpkg.com/@radix-ui/react-compose-refs/-/react-compose-refs-1.1.3.tgz#5f1e61e1a5f52800d31e7f8affa6d046e38f50d1"
  integrity sha512-rYOP8OMnuuPMQF1uhPVlGNcCDlkokKqGFE3JcxFViIkAXP7EvFWUliJAstrapypaBLJNHbZL6jGhbVDGTwmVhA==

"@radix-ui/react-context@1.1.4":
  version "1.1.4"
  resolved "https://registry.yarnpkg.com/@radix-ui/react-context/-/react-context-1.1.4.tgz#5e39f26ebbefed27836e46e763e8f71e09999ccd"
  integrity sha512-QwH4PO5urrbO+FaGd5Aglg+YJgWTyyuZ3g/6mKvsqraLkglDdckw9JafgL5McL5VEJ6EPNduPaT3ZE9BttDAqg==

"@radix-ui/react-dialog@^1.1.15", "@radix-ui/react-dialog@^1.1.6":
  version "1.1.17"
  resolved "https://registry.yarnpkg.com/@radix-ui/react-dialog/-/react-dialog-1.1.17.tgz#43d0f7b3a8b7f0d12f79fd67176528dcdd61ff7f"
  integrity sha512-TDTYmpdq8dI2+Xgvgj9AJ8Ghqq+Eph/TRVEdaFQPDItIY+6QSkU7MJMeevw1568Yw/2Ijz8BTphPSP2XejKphw==
  dependencies:
    "@radix-ui/primitive" "1.1.4"
    "@radix-ui/react-compose-refs" "1.1.3"
    "@radix-ui/react-context" "1.1.4"
    "@radix-ui/react-dismissable-layer" "1.1.13"
    "@radix-ui/react-focus-guards" "1.1.4"
    "@radix-ui/react-focus-scope" "1.1.10"
    "@radix-ui/react-id" "1.1.2"
    "@radix-ui/react-portal" "1.1.12"
    "@radix-ui/react-presence" "1.1.6"
    "@radix-ui/react-primitive" "2.1.6"
    "@radix-ui/react-slot" "1.3.0"
    "@radix-ui/react-use-controllable-state" "1.2.3"
    aria-hidden "^1.2.4"
    react-remove-scroll "^2.7.2"

"@radix-ui/react-direction@1.1.2":
  version "1.1.2"
  resolved "https://registry.yarnpkg.com/@radix-ui/react-direction/-/react-direction-1.1.2.tgz#9cc69edd659d79fba4101ee0e2dbcffc2024504f"
  integrity sha512-C3vFhbyi4SW3PmbAi6Awpu4OzJtd0MxGurvSsYtr7p7nM8RNB3VAF3CUmnp2j50knpkrRcB7+ycVXzgLgF6yNA==

"@radix-ui/react-dismissable-layer@1.1.13":
  version "1.1.13"
  resolved "https://registry.yarnpkg.com/@radix-ui/react-dismissable-layer/-/react-dismissable-layer-1.1.13.tgz#2296b5589584f2eea9f276d76beddea0a5b4a0f4"
  integrity sha512-2v+zNAWWe0ySxgC0D0yeXMPQ23xZVgXZTerTz+JKlmdRj6gfTqmCcR29jb6d290DezXPGgruHWDX/vYUebtErg==
  dependencies:
    "@radix-ui/primitive" "1.1.4"
    "@radix-ui/react-compose-refs" "1.1.3"
    "@radix-ui/react-primitive" "2.1.6"
    "@radix-ui/react-use-callback-ref" "1.1.2"
    "@radix-ui/react-use-escape-keydown" "1.1.2"

"@radix-ui/react-focus-guards@1.1.4":
  version "1.1.4"
  resolved "https://registry.yarnpkg.com/@radix-ui/react-focus-guards/-/react-focus-guards-1.1.4.tgz#3ef07a117ae7aa1430442aaebd766507e69d391c"
  integrity sha512-cot/aB/mOm0IYVYTTmQcEEK1M48lZWi8FlYe5nDPQQ8NYZUlXEFgncJ9p2Kzer3RKSrY7cTTpEMLZKNo9QoP5Q==

"@radix-ui/react-focus-scope@1.1.10":
  version "1.1.10"
  resolved "https://registry.yarnpkg.com/@radix-ui/react-focus-scope/-/react-focus-scope-1.1.10.tgz#2803f12628409fc951187241a29fb32f96401551"
  integrity sha512-Fas/lXQqhVvqwAb64s5RFeHiHYElZ6SUQbZaNd6EkfhP/Al7wTIQ9WIR4QVX475tlu5yFCEdDcJH6/UwsZjMWw==
  dependencies:
    "@radix-ui/react-compose-refs" "1.1.3"
    "@radix-ui/react-primitive" "2.1.6"
    "@radix-ui/react-use-callback-ref" "1.1.2"

"@radix-ui/react-id@1.1.2", "@radix-ui/react-id@^1.1.0":
  version "1.1.2"
  resolved "https://registry.yarnpkg.com/@radix-ui/react-id/-/react-id-1.1.2.tgz#6fe97e7289c7133b44f8c9c61fdddf2a6be1421d"
  integrity sha512-orBC88futVpqCmhX1p4cvquNHsELQ+w+vBJnuj3ftETI5bJb0bZn3Tqu3SWN2IOcPycTnMGnhwoermvISt72sA==
  dependencies:
    "@radix-ui/react-use-layout-effect" "1.1.2"

"@radix-ui/react-navigation-menu@^1.2.14":
  version "1.2.16"
  resolved "https://registry.yarnpkg.com/@radix-ui/react-navigation-menu/-/react-navigation-menu-1.2.16.tgz#c43efbe0809939648fd42c8d54e3faba45ddac90"
  integrity sha512-nJ0SkrSQgudyYhMiYeHA1ayLVuduEJCFLan1RZZN7c9kqzzCFLaU9kuy81uNtqzweM9YaQPgWzxi9MwQ9jZ04g==
  dependencies:
    "@radix-ui/primitive" "1.1.4"
    "@radix-ui/react-collection" "1.1.10"
    "@radix-ui/react-compose-refs" "1.1.3"
    "@radix-ui/react-context" "1.1.4"
    "@radix-ui/react-direction" "1.1.2"
    "@radix-ui/react-dismissable-layer" "1.1.13"
    "@radix-ui/react-id" "1.1.2"
    "@radix-ui/react-presence" "1.1.6"
    "@radix-ui/react-primitive" "2.1.6"
    "@radix-ui/react-use-callback-ref" "1.1.2"
    "@radix-ui/react-use-controllable-state" "1.2.3"
    "@radix-ui/react-use-layout-effect" "1.1.2"
    "@radix-ui/react-use-previous" "1.1.2"
    "@radix-ui/react-visually-hidden" "1.2.6"

"@radix-ui/react-popover@^1.1.15":
  version "1.1.17"
  resolved "https://registry.yarnpkg.com/@radix-ui/react-popover/-/react-popover-1.1.17.tgz#f65ef3ab3ad229fb5efc772633681d4ad11ad571"
  integrity sha512-/YSAOdJ7YJvdn7bn5sdSx2egW+SKY+u7O5RyAVs94Ymrg2fg5QTSFPMRkzvhGyFuE4/qsmPBdrwYoZMZh/4f+g==
  dependencies:
    "@radix-ui/primitive" "1.1.4"
    "@radix-ui/react-compose-refs" "1.1.3"
    "@radix-ui/react-context" "1.1.4"
    "@radix-ui/react-dismissable-layer" "1.1.13"
    "@radix-ui/react-focus-guards" "1.1.4"
    "@radix-ui/react-focus-scope" "1.1.10"
    "@radix-ui/react-id" "1.1.2"
    "@radix-ui/react-popper" "1.3.1"
    "@radix-ui/react-portal" "1.1.12"
    "@radix-ui/react-presence" "1.1.6"
    "@radix-ui/react-primitive" "2.1.6"
    "@radix-ui/react-slot" "1.3.0"
    "@radix-ui/react-use-controllable-state" "1.2.3"
    aria-hidden "^1.2.4"
    react-remove-scroll "^2.7.2"

"@radix-ui/react-popper@1.3.1":
  version "1.3.1"
  resolved "https://registry.yarnpkg.com/@radix-ui/react-popper/-/react-popper-1.3.1.tgz#4f7d36a7ec49959e1f48d2629ca98323eaf95cb1"
  integrity sha512-bhnq/0DEPTi2lsOD3J5rTL65qUKHbKbhqHsmN9TMiclSXpipi651ooUKPPp6G5lF/WiHBdn1s0Wuqsn+myVAvw==
  dependencies:
    "@floating-ui/react-dom" "^2.0.0"
    "@radix-ui/react-arrow" "1.1.10"
    "@radix-ui/react-compose-refs" "1.1.3"
    "@radix-ui/react-context" "1.1.4"
    "@radix-ui/react-primitive" "2.1.6"
    "@radix-ui/react-use-callback-ref" "1.1.2"
    "@radix-ui/react-use-layout-effect" "1.1.2"
    "@radix-ui/react-use-rect" "1.1.2"
    "@radix-ui/react-use-size" "1.1.2"
    "@radix-ui/rect" "1.1.2"

"@radix-ui/react-portal@1.1.12":
  version "1.1.12"
  resolved "https://registry.yarnpkg.com/@radix-ui/react-portal/-/react-portal-1.1.12.tgz#e62f8b5882c71bdda87cf74465ebb6a219a09971"
  integrity sha512-m309havGzsjLHHaIX50G5PlvRs3xkgPCsGk/5PTvYm8D5q33yG0J7w/712PTOhid7NTaFETtnSXjngHQavvhVw==
  dependencies:
    "@radix-ui/react-primitive" "2.1.6"
    "@radix-ui/react-use-layout-effect" "1.1.2"

"@radix-ui/react-presence@1.1.6":
  version "1.1.6"
  resolved "https://registry.yarnpkg.com/@radix-ui/react-presence/-/react-presence-1.1.6.tgz#f0edff4f119dbc8ef81611e539a8f58d9afb33c3"
  integrity sha512-zdTk4PlUO0E18HnZ3wYbW0KkJJxWCdiNYp6g6X1PtONFhxVkg01vliTJAmwIszU6mHiyBOoW9P0rAugl5/hULQ==
  dependencies:
    "@radix-ui/react-use-layout-effect" "1.1.2"

"@radix-ui/react-primitive@2.1.6", "@radix-ui/react-primitive@^2.0.2":
  version "2.1.6"
  resolved "https://registry.yarnpkg.com/@radix-ui/react-primitive/-/react-primitive-2.1.6.tgz#8e7c170a35d538325a5ff9194f7a842562a1d57d"
  integrity sha512-wetd0QI77DbvrPpTAvH1SqOxsYF2wZe5TNxqwOd5Ty4XDpV3dpV0s8K/1MGMJBeY5o7lg8ub5VIt1Ub+yVen6g==
  dependencies:
    "@radix-ui/react-slot" "1.3.0"

"@radix-ui/react-roving-focus@1.1.13":
  version "1.1.13"
  resolved "https://registry.yarnpkg.com/@radix-ui/react-roving-focus/-/react-roving-focus-1.1.13.tgz#628a85314535fa88d0e1264a4f9f0c14bcc5e7ff"
  integrity sha512-9gkwneI0guf8JDmrFxPjJF6Ozzgioyw+/lonYNCwefS9ZHA05er0BVHiXr+LbWGHxUfczvMY6G1oiZZi1VzjRw==
  dependencies:
    "@radix-ui/primitive" "1.1.4"
    "@radix-ui/react-collection" "1.1.10"
    "@radix-ui/react-compose-refs" "1.1.3"
    "@radix-ui/react-context" "1.1.4"
    "@radix-ui/react-direction" "1.1.2"
    "@radix-ui/react-id" "1.1.2"
    "@radix-ui/react-primitive" "2.1.6"
    "@radix-ui/react-use-callback-ref" "1.1.2"
    "@radix-ui/react-use-controllable-state" "1.2.3"

"@radix-ui/react-slot@1.3.0", "@radix-ui/react-slot@^1.2.4":
  version "1.3.0"
  resolved "https://registry.yarnpkg.com/@radix-ui/react-slot/-/react-slot-1.3.0.tgz#e311c7a6c8d65b1af9e69af8e3318c6c7105a212"
  integrity sha512-MojKku4U/miO8Av4Dkb+ctMAQx7JmY96LmtDQlAarCRtd7rN52QCSzBF+XAvr5S6coSVj9HEPBgHAHKEJVk/WA==
  dependencies:
    "@radix-ui/react-compose-refs" "1.1.3"

"@radix-ui/react-tabs@^1.1.13":
  version "1.1.15"
  resolved "https://registry.yarnpkg.com/@radix-ui/react-tabs/-/react-tabs-1.1.15.tgz#89dffdd184647bbd4425b204179df3e3cec580e9"
  integrity sha512-kxc9gI6/HfcU4nfMMVS3AmQK414kbU1IE6UCJmMmxjhO3cRPXOyYnmvyKD+ODt7q56nRq9l7Wovi6uaGwKgMlg==
  dependencies:
    "@radix-ui/primitive" "1.1.4"
    "@radix-ui/react-context" "1.1.4"
    "@radix-ui/react-direction" "1.1.2"
    "@radix-ui/react-id" "1.1.2"
    "@radix-ui/react-presence" "1.1.6"
    "@radix-ui/react-primitive" "2.1.6"
    "@radix-ui/react-roving-focus" "1.1.13"
    "@radix-ui/react-use-controllable-state" "1.2.3"

"@radix-ui/react-use-callback-ref@1.1.2":
  version "1.1.2"
  resolved "https://registry.yarnpkg.com/@radix-ui/react-use-callback-ref/-/react-use-callback-ref-1.1.2.tgz#ddc0bc1381ff3b62368c248808efc45a098bafde"
  integrity sha512-xCso9j1/u8sEgP1RNHjFrXJLApL8LiqOkI1R4ywuN00rxWdYg4oQXuwKLS3i0j5NWLromUD27/4nlxj2UFVvIw==

"@radix-ui/react-use-controllable-state@1.2.3", "@radix-ui/react-use-controllable-state@^1.2.2":
  version "1.2.3"
  resolved "https://registry.yarnpkg.com/@radix-ui/react-use-controllable-state/-/react-use-controllable-state-1.2.3.tgz#516996f6443207546aa15a59bc71cdf5b54e01d1"
  integrity sha512-PLzC90MS+ReootmjC597dvopoelpZ8Q61HJkDXZSExitIq7PL55vHNnesAHwguHK0aPfBnpdNzQtv1uliaqQrA==
  dependencies:
    "@radix-ui/react-use-effect-event" "0.0.3"
    "@radix-ui/react-use-layout-effect" "1.1.2"

"@radix-ui/react-use-effect-event@0.0.3":
  version "0.0.3"
  resolved "https://registry.yarnpkg.com/@radix-ui/react-use-effect-event/-/react-use-effect-event-0.0.3.tgz#e8f45e8e6ef64ce5bea7b5a9effc373f067e3530"
  integrity sha512-6c8ZqvPTWILEKnyVkP53EGRCcpnJiKTC21sS/6R1GF5xKyHJJWQEPfkqlcgUkdRQivd6tb23abUwe4ngWmY0JA==
  dependencies:
    "@radix-ui/react-use-layout-effect" "1.1.2"

"@radix-ui/react-use-escape-keydown@1.1.2":
  version "1.1.2"
  resolved "https://registry.yarnpkg.com/@radix-ui/react-use-escape-keydown/-/react-use-escape-keydown-1.1.2.tgz#d63d64956da411192ef15d8c274b94d7d0adb038"
  integrity sha512-2uVLvLjgO7NZCWw01/FdqRwmA42J0BcjPMUCA+koFEOAb+zjqIP7SiFz/7zWPrKnVmSqr76Omq2ALyCuX4dhLw==
  dependencies:
    "@radix-ui/react-use-callback-ref" "1.1.2"

"@radix-ui/react-use-layout-effect@1.1.2":
  version "1.1.2"
  resolved "https://registry.yarnpkg.com/@radix-ui/react-use-layout-effect/-/react-use-layout-effect-1.1.2.tgz#c882e66497174d061f250e65251974b699c65b65"
  integrity sha512-jrBWOxZITuGcnjRCM2t2U5ZPkCLxD+Ym6DjfssS5haTj2iiak/DOb64JeN6OdLfLgptb6/e2kKR+ZuTrGoZTPA==

"@radix-ui/react-use-previous@1.1.2":
  version "1.1.2"
  resolved "https://registry.yarnpkg.com/@radix-ui/react-use-previous/-/react-use-previous-1.1.2.tgz#8fd78d5874de9c150e7b21ab1a411d5bc1a26257"
  integrity sha512-IGBQPtRFdhN6MQ8dbegVmBq1LVZluya3F1jWY+puIcQC3MHctRwTDSBWCkL/3ZcnMJLTMJ++Z+ktmvg0F89iCw==

"@radix-ui/react-use-rect@1.1.2":
  version "1.1.2"
  resolved "https://registry.yarnpkg.com/@radix-ui/react-use-rect/-/react-use-rect-1.1.2.tgz#83b9de1ea8f6abd1425eb79f2930e00047cb8d19"
  integrity sha512-d8a+bBY/FxikNPlgJJoaBHZX+zKVbWHYJGTLnLvveQgFSTntkGdEKv3JDtHrMS0DNYpllz2nRsTLGLKYttbpmw==
  dependencies:
    "@radix-ui/rect" "1.1.2"

"@radix-ui/react-use-size@1.1.2":
  version "1.1.2"
  resolved "https://registry.yarnpkg.com/@radix-ui/react-use-size/-/react-use-size-1.1.2.tgz#33eb275755424d7dda33ffa32c23ea85ca23be40"
  integrity sha512-giWQp+4mxjBPt4KZ0MmyuykFNWfbDxKt4x+fPkRYmgRFJSbCZFzUglvMb/Kjn38tm10YP4ufiQZDx3zna4LU6w==
  dependencies:
    "@radix-ui/react-use-layout-effect" "1.1.2"

"@radix-ui/react-visually-hidden@1.2.6":
  version "1.2.6"
  resolved "https://registry.yarnpkg.com/@radix-ui/react-visually-hidden/-/react-visually-hidden-1.2.6.tgz#da362f6fef6b6107e059db6030b9a0da86599fa8"
  integrity sha512-jCE0WljWifTI4niIMCll06kGpsJTAPiZVU9H4WR1N6qW7At9ystHbN7dDB+we2xH535roFHj7qKS+RGj0FMDWQ==
  dependencies:
    "@radix-ui/react-primitive" "2.1.6"

"@radix-ui/rect@1.1.2":
  version "1.1.2"
  resolved "https://registry.yarnpkg.com/@radix-ui/rect/-/rect-1.1.2.tgz#0761a82af55c7e302d5b509eaf1c97ea1fc5feea"
  integrity sha512-xnXE7wG13PI+cxieVssYXlQJuYVRhH9NBoxt3KNwzghDIA69GMm7d4wXRouHIYjE+KvS6U/MsMO73NdS2MH9ZA==

"@react-aria/focus@^3.20.2":
  version "3.22.1"
  resolved "https://registry.yarnpkg.com/@react-aria/focus/-/focus-3.22.1.tgz#7e7ba6a2250135728eb68ffa21e422ec25a16800"
  integrity sha512-CPxtkyrBi/HYY5P3lE/57sQ6qfa0lN8E55TOm89H0kNGv0lKt+/0zP7lWERzBjRr5IxBVrQX4gFEowBN52LPaA==
  dependencies:
    "@swc/helpers" "^0.5.0"
    react-aria "^3.48.0"

"@react-aria/interactions@^3.25.0":
  version "3.28.1"
  resolved "https://registry.yarnpkg.com/@react-aria/interactions/-/interactions-3.28.1.tgz#852294ae63f6a7d8aeeba3a1e7343daa8cd8507c"
  integrity sha512-Bqb+HrD5I5MHS2SKBhISYqo2SW8Y2dfzgF/Y1lIJq7xqLxheo9vzxPGEHhz+XzkgGfoqEJx8A6a3C7uiqS3HWA==
  dependencies:
    "@react-types/shared" "^3.34.0"
    "@swc/helpers" "^0.5.0"
    react-aria "^3.48.0"

"@react-types/shared@^3.34.0", "@react-types/shared@^3.36.0":
  version "3.36.0"
  resolved "https://registry.yarnpkg.com/@react-types/shared/-/shared-3.36.0.tgz#52e713c6bae8e117967bf1d19d89db3a56219037"
  integrity sha512-DkP/H0C2YjjS7gZWKNqOmU8a16qHPjQNdzMwmTq9SzplM6Iw0kVMTZ0OIoe6FOgGqa+FwMsE2QbPjh/n3g/jXQ==

"@swc/helpers@0.5.15":
  version "0.5.15"
  resolved "https://registry.yarnpkg.com/@swc/helpers/-/helpers-0.5.15.tgz#79efab344c5819ecf83a43f3f9f811fc84b516d7"
  integrity sha512-JQ5TuMi45Owi4/BIMAJBoSQoOJu12oOk/gADqlcUL9JEdHB8vyjUSsxqeNXnmXHjYKMi2WcYtezGEEhqUI/E2g==
  dependencies:
    tslib "^2.8.0"

"@swc/helpers@^0.5.0":
  version "0.5.23"
  resolved "https://registry.yarnpkg.com/@swc/helpers/-/helpers-0.5.23.tgz#19287d0d86d962b111376039a50c792902c9a86a"
  integrity sha512-5lSsMOTXURePglDfvuAQUqkGek9Hg2kksOYay2m0+XR++b2NWYL/4sWyuvVBIs8oKnJaxkdi9whaL/sqN13afw==
  dependencies:
    tslib "^2.8.0"

"@tanstack/react-virtual@^3.13.9":
  version "3.14.3"
  resolved "https://registry.yarnpkg.com/@tanstack/react-virtual/-/react-virtual-3.14.3.tgz#433f1bc1e1c12c80244847988385222f65744ffc"
  integrity sha512-k/cnHPVaOfn46hSbiY6n4Dzf4QjCGWSF40zR5QIIYUqPAjpA6TN7InfYmcMiDVQGP2iUn9xsRbAl8u1v3UmeVQ==
  dependencies:
    "@tanstack/virtual-core" "3.17.1"

"@tanstack/virtual-core@3.17.1":
  version "3.17.1"
  resolved "https://registry.yarnpkg.com/@tanstack/virtual-core/-/virtual-core-3.17.1.tgz#4f57146d1c27ce7ee973f1af7fe948a139a51d79"
  integrity sha512-VZyW2Uiml5tmBZwPGrSD3Sz73OxzljQMCmzYHsUTPEuTsERf5xwa+uWb01xEzkz3ZSYTjj8NEb/mKHvgKxyZdA==

aria-hidden@^1.2.3, aria-hidden@^1.2.4:
  version "1.2.6"
  resolved "https://registry.yarnpkg.com/aria-hidden/-/aria-hidden-1.2.6.tgz#73051c9b088114c795b1ea414e9c0fff874ffc1a"
  integrity sha512-ik3ZgC9dY/lYVVM++OISsaYDeg1tb0VtP5uL3ouh1koGOaUMDPpbFIei4JkFimWUFPn90sbMNMXQAIVOlnYKJA==
  dependencies:
    tslib "^2.0.0"

baseline-browser-mapping@^2.9.19:
  version "2.10.38"
  resolved "https://registry.yarnpkg.com/baseline-browser-mapping/-/baseline-browser-mapping-2.10.38.tgz#c84d093c4bf7325c5053c279d90f153c66526042"
  integrity sha512-31/02mVB4yuQU6adKk5SlY6m+mxDwUq5KZkyYgnLrrKl7TEm1+3PyDtDBz2kOv/wxZz41GHsvV1A/u6RmiyBvw==

caniuse-lite@^1.0.30001579:
  version "1.0.30001799"
  resolved "https://registry.yarnpkg.com/caniuse-lite/-/caniuse-lite-1.0.30001799.tgz#5c909138c27f1a61219d3e092071c1cc7d32dc55"
  integrity sha512-hG1bReV+OUU+MOqK4t/ZWI0tZOyz3rqS9XuhOUz1cIcbwBKjOyJEJuw9ER5JuNyqxNk8u/JUVbGibBOL1yrjFw==

class-variance-authority@^0.7.1:
  version "0.7.1"
  resolved "https://registry.yarnpkg.com/class-variance-authority/-/class-variance-authority-0.7.1.tgz#4008a798a0e4553a781a57ac5177c9fb5d043787"
  integrity sha512-Ka+9Trutv7G8M6WT6SeiRWz792K5qEqIGEGzXKhAE6xOWAY6pPH8U+9IY3oCMv6kqTmLsv7Xh/2w2RigkePMsg==
  dependencies:
    clsx "^2.1.1"

client-only@0.0.1:
  version "0.0.1"
  resolved "https://registry.yarnpkg.com/client-only/-/client-only-0.0.1.tgz#38bba5d403c41ab150bff64a95c85013cf73bca1"
  integrity sha512-IV3Ou0jSMzZrd3pZ48nLkT9DA7Ag1pnPzaiQhpW7c3RbcqqzvzzVu+L8gfqMp/8IM2MQtSiqaCxrrcfu8I8rMA==

clsx@^2.0.0, clsx@^2.1.1:
  version "2.1.1"
  resolved "https://registry.yarnpkg.com/clsx/-/clsx-2.1.1.tgz#eed397c9fd8bd882bfb18deab7102049a2f32999"
  integrity sha512-eYm0QWBtUrBWZWG0d386OGAw16Z995PiOVo2B7bjWSbHedGl5e0ZWaq65kOGgUSNesEIDkB9ISbTg/JK9dhCZA==

cmdk@1.1.1:
  version "1.1.1"
  resolved "https://registry.yarnpkg.com/cmdk/-/cmdk-1.1.1.tgz#b8524272699ccaa37aaf07f36850b376bf3d58e5"
  integrity sha512-Vsv7kFaXm+ptHDMZ7izaRsP70GgrW9NBNGswt9OZaVBLlE0SNpDq8eu/VGXyF9r7M0azK3Wy7OlYXsuyYLFzHg==
  dependencies:
    "@radix-ui/react-compose-refs" "^1.1.1"
    "@radix-ui/react-dialog" "^1.1.6"
    "@radix-ui/react-id" "^1.1.0"
    "@radix-ui/react-primitive" "^2.0.2"

"coloured-icons@https://github.com/dheereshag/coloured-icons/archive/refs/heads/master.tar.gz":
  version "1.0.0"
  resolved "https://github.com/dheereshag/coloured-icons/archive/refs/heads/master.tar.gz#089276ad6f9bbd59479bc76127e275b83be82e94"
  dependencies:
    "@headlessui/react" "^2.2.10"
    "@icons-pack/react-simple-icons" "^13.13.0"
    "@radix-ui/react-dialog" "^1.1.15"
    "@radix-ui/react-navigation-menu" "^1.2.14"
    "@radix-ui/react-popover" "^1.1.15"
    "@radix-ui/react-slot" "^1.2.4"
    "@radix-ui/react-tabs" "^1.1.13"
    "@radix-ui/react-use-controllable-state" "^1.2.2"
    class-variance-authority "^0.7.1"
    clsx "^2.1.1"
    cmdk "1.1.1"
    lucide-react "^0.574.0"
    next "^16.2.6"
    react "^19.2.6"
    react-dom "^19.2.6"
    tailwind-merge "^3.6.0"
    tailwindcss-animate "^1.0.7"

detect-libc@^2.1.2:
  version "2.1.2"
  resolved "https://registry.yarnpkg.com/detect-libc/-/detect-libc-2.1.2.tgz#689c5dcdc1900ef5583a4cb9f6d7b473742074ad"
  integrity sha512-Btj2BOOO83o3WyH59e8MgXsxEQVcarkUOpEYrubB0urwnN10yQ364rsiByU11nZlqWYZm05i/of7io4mzihBtQ==

detect-node-es@^1.1.0:
  version "1.1.0"
  resolved "https://registry.yarnpkg.com/detect-node-es/-/detect-node-es-1.1.0.tgz#163acdf643330caa0b4cd7c21e7ee7755d6fa493"
  integrity sha512-ypdmJU/TbBby2Dxibuv7ZLW3Bs1QEmM7nHjEANfohJLvE0XVujisn1qPJcZxg+qDucsr+bP6fLD1rPS3AhJ7EQ==

get-nonce@^1.0.0:
  version "1.0.1"
  resolved "https://registry.yarnpkg.com/get-nonce/-/get-nonce-1.0.1.tgz#fdf3f0278073820d2ce9426c18f07481b1e0cdf3"
  integrity sha512-FJhYRoDaiatfEkUK8HKlicmu/3SGFD51q3itKDGoSTysQJBnfOcxU5GxnhE1E6soB76MbT0MBtnKJuXyAx+96Q==

lucide-react@^0.574.0:
  version "0.574.0"
  resolved "https://registry.yarnpkg.com/lucide-react/-/lucide-react-0.574.0.tgz#1871f07319ec4119a748d65eda39e51d0f81d9d2"
  integrity sha512-dJ8xb5juiZVIbdSn3HTyHsjjIwUwZ4FNwV0RtYDScOyySOeie1oXZTymST6YPJ4Qwt3Po8g4quhYl4OxtACiuQ==

nanoid@^3.3.6:
  version "3.3.13"
  resolved "https://registry.yarnpkg.com/nanoid/-/nanoid-3.3.13.tgz#d9666aa3eb9cebba69b0f8f9b84e509d46933deb"
  integrity sha512-sPdqC6ByMVVGvF1ynvvMo0/o+oD1VX7DaHhijt1bFgjvBkHBib4t49GoNDhf2NDta4oeUNlaGbSt5K7qjZ955Q==

next@^16.2.6:
  version "16.2.9"
  resolved "https://registry.yarnpkg.com/next/-/next-16.2.9.tgz#320c5b5701deeb18c0b596d137ca5dccf976682c"
  integrity sha512-MEOJiq/UvuezAdqVSceHbqDgZt1kDw2tpGVOlsdIoJsQdbN2JY2hpVG4xnXGkbdJUOEWhnRfiu/O4Hpc9Juwww==
  dependencies:
    "@next/env" "16.2.9"
    "@swc/helpers" "0.5.15"
    baseline-browser-mapping "^2.9.19"
    caniuse-lite "^1.0.30001579"
    postcss "8.4.31"
    styled-jsx "5.1.6"
  optionalDependencies:
    "@next/swc-darwin-arm64" "16.2.9"
    "@next/swc-darwin-x64" "16.2.9"
    "@next/swc-linux-arm64-gnu" "16.2.9"
    "@next/swc-linux-arm64-musl" "16.2.9"
    "@next/swc-linux-x64-gnu" "16.2.9"
    "@next/swc-linux-x64-musl" "16.2.9"
    "@next/swc-win32-arm64-msvc" "16.2.9"
    "@next/swc-win32-x64-msvc" "16.2.9"
    sharp "^0.34.5"

picocolors@^1.0.0:
  version "1.1.1"
  resolved "https://registry.yarnpkg.com/picocolors/-/picocolors-1.1.1.tgz#3d321af3eab939b083c8f929a1d12cda81c26b6b"
  integrity sha512-xceH2snhtb5M9liqDsmEw56le376mTZkEX/jEb/RxNFyegNul7eNslCXP9FDj/Lcu0X8KEyMceP2ntpaHrDEVA==

postcss@8.4.31:
  version "8.4.31"
  resolved "https://registry.yarnpkg.com/postcss/-/postcss-8.4.31.tgz#92b451050a9f914da6755af352bdc0192508656d"
  integrity sha512-PS08Iboia9mts/2ygV3eLpY5ghnUcfLV/EXTOW1E2qYxJKGGBUtNjN76FYHnMs36RmARn41bC0AZmn+rR0OVpQ==
  dependencies:
    nanoid "^3.3.6"
    picocolors "^1.0.0"
    source-map-js "^1.0.2"

react-aria@^3.48.0:
  version "3.50.0"
  resolved "https://registry.yarnpkg.com/react-aria/-/react-aria-3.50.0.tgz#75cb002c8ff94be3bc1afb6f717b37c6d0548119"
  integrity sha512-S0Os6QZk33fzUAKu1QLT9afoUaCBt1ZNdoiq0n2YMVgKIdNIQS8zxiZ8O9hYE6QyDkHKjD6q39LQZ+qaSAIgjw==
  dependencies:
    "@internationalized/date" "^3.12.2"
    "@internationalized/number" "^3.6.7"
    "@internationalized/string" "^3.2.9"
    "@react-types/shared" "^3.36.0"
    "@swc/helpers" "^0.5.0"
    aria-hidden "^1.2.3"
    clsx "^2.0.0"
    react-stately "3.48.0"
    use-sync-external-store "^1.6.0"

react-dom@^19.2.6:
  version "19.2.7"
  resolved "https://registry.yarnpkg.com/react-dom/-/react-dom-19.2.7.tgz#0450dc9ae9ddbff76ef196401cd8b8c7fb466ccc"
  integrity sha512-t0BRVXvbiE/o20Hfw669rLbMCDWtYZLvmJigy2f0MxsXF+71pxhR3xOkspmsO8h3ZlNzyibAmtCa3l4lYKk6gQ==
  dependencies:
    scheduler "^0.27.0"

react-remove-scroll-bar@^2.3.7:
  version "2.3.8"
  resolved "https://registry.yarnpkg.com/react-remove-scroll-bar/-/react-remove-scroll-bar-2.3.8.tgz#99c20f908ee467b385b68a3469b4a3e750012223"
  integrity sha512-9r+yi9+mgU33AKcj6IbT9oRCO78WriSj6t/cF8DWBZJ9aOGPOTEDvdUDz1FwKim7QXWwmHqtdHnRJfhAxEG46Q==
  dependencies:
    react-style-singleton "^2.2.2"
    tslib "^2.0.0"

react-remove-scroll@^2.7.2:
  version "2.7.2"
  resolved "https://registry.yarnpkg.com/react-remove-scroll/-/react-remove-scroll-2.7.2.tgz#6442da56791117661978ae99cd29be9026fecca0"
  integrity sha512-Iqb9NjCCTt6Hf+vOdNIZGdTiH1QSqr27H/Ek9sv/a97gfueI/5h1s3yRi1nngzMUaOOToin5dI1dXKdXiF+u0Q==
  dependencies:
    react-remove-scroll-bar "^2.3.7"
    react-style-singleton "^2.2.3"
    tslib "^2.1.0"
    use-callback-ref "^1.3.3"
    use-sidecar "^1.1.3"

react-stately@3.48.0:
  version "3.48.0"
  resolved "https://registry.yarnpkg.com/react-stately/-/react-stately-3.48.0.tgz#80b658d91a20b35f9803102302268a477ba819e4"
  integrity sha512-ImicSAG+lTotAe5izcs1fz49Zk48w7pDusqYg04WaPhCoej8BJ24soMu3iLXIrsi273s4P1gZrYGrqReMfgEEA==
  dependencies:
    "@internationalized/date" "^3.12.2"
    "@internationalized/number" "^3.6.7"
    "@internationalized/string" "^3.2.9"
    "@react-types/shared" "^3.36.0"
    "@swc/helpers" "^0.5.0"
    use-sync-external-store "^1.6.0"

react-style-singleton@^2.2.2, react-style-singleton@^2.2.3:
  version "2.2.3"
  resolved "https://registry.yarnpkg.com/react-style-singleton/-/react-style-singleton-2.2.3.tgz#4265608be69a4d70cfe3047f2c6c88b2c3ace388"
  integrity sha512-b6jSvxvVnyptAiLjbkWLE/lOnR4lfTtDAl+eUC7RZy+QQWc6wRzIV2CE6xBuMmDxc2qIihtDCZD5NPOFl7fRBQ==
  dependencies:
    get-nonce "^1.0.0"
    tslib "^2.0.0"

react@^19.2.6:
  version "19.2.7"
  resolved "https://registry.yarnpkg.com/react/-/react-19.2.7.tgz#1f47a1bfc06f8ec885752c6f4af14369a9f8260b"
  integrity sha512-HNe9WslTbXmFK8o8cmwgAeJFSBvt1bPdHCVKtaaV+WlAN36mpT4hcRpwbf3fY56ar2oIXzsBpOAiIRHAdY0OlQ==

scheduler@^0.27.0:
  version "0.27.0"
  resolved "https://registry.yarnpkg.com/scheduler/-/scheduler-0.27.0.tgz#0c4ef82d67d1e5c1e359e8fc76d3a87f045fe5bd"
  integrity sha512-eNv+WrVbKu1f3vbYJT/xtiF5syA5HPIMtf9IgY/nKg0sWqzAUEvqY/xm7OcZc/qafLx/iO9FgOmeSAp4v5ti/Q==

semver@^7.7.3:
  version "7.8.4"
  resolved "https://registry.yarnpkg.com/semver/-/semver-7.8.4.tgz#c73eceebae0616934be8dff28a7fd70757c8e696"
  integrity sha512-rUCObTnP32Q08R2uuIrt7r9PlEonuTmtuXYcW6s5kjdlj3xbnwe+21yXptAUYcMAABLkYYTtnmzb3w3EDZfueA==

sharp@^0.34.5:
  version "0.34.5"
  resolved "https://registry.yarnpkg.com/sharp/-/sharp-0.34.5.tgz#b6f148e4b8c61f1797bde11a9d1cfebbae2c57b0"
  integrity sha512-Ou9I5Ft9WNcCbXrU9cMgPBcCK8LiwLqcbywW3t4oDV37n1pzpuNLsYiAV8eODnjbtQlSDwZ2cUEeQz4E54Hltg==
  dependencies:
    "@img/colour" "^1.0.0"
    detect-libc "^2.1.2"
    semver "^7.7.3"
  optionalDependencies:
    "@img/sharp-darwin-arm64" "0.34.5"
    "@img/sharp-darwin-x64" "0.34.5"
    "@img/sharp-libvips-darwin-arm64" "1.2.4"
    "@img/sharp-libvips-darwin-x64" "1.2.4"
    "@img/sharp-libvips-linux-arm" "1.2.4"
    "@img/sharp-libvips-linux-arm64" "1.2.4"
    "@img/sharp-libvips-linux-ppc64" "1.2.4"
    "@img/sharp-libvips-linux-riscv64" "1.2.4"
    "@img/sharp-libvips-linux-s390x" "1.2.4"
    "@img/sharp-libvips-linux-x64" "1.2.4"
    "@img/sharp-libvips-linuxmusl-arm64" "1.2.4"
    "@img/sharp-libvips-linuxmusl-x64" "1.2.4"
    "@img/sharp-linux-arm" "0.34.5"
    "@img/sharp-linux-arm64" "0.34.5"
    "@img/sharp-linux-ppc64" "0.34.5"
    "@img/sharp-linux-riscv64" "0.34.5"
    "@img/sharp-linux-s390x" "0.34.5"
    "@img/sharp-linux-x64" "0.34.5"
    "@img/sharp-linuxmusl-arm64" "0.34.5"
    "@img/sharp-linuxmusl-x64" "0.34.5"
    "@img/sharp-wasm32" "0.34.5"
    "@img/sharp-win32-arm64" "0.34.5"
    "@img/sharp-win32-ia32" "0.34.5"
    "@img/sharp-win32-x64" "0.34.5"

source-map-js@^1.0.2:
  version "1.2.1"
  resolved "https://registry.yarnpkg.com/source-map-js/-/source-map-js-1.2.1.tgz#1ce5650fddd87abc099eda37dcff024c2667ae46"
  integrity sha512-UXWMKhLOwVKb728IUtQPXxfYU+usdybtUrK/8uGE8CQMvrhOpwvzDBwj0QhSL7MQc7vIsISBG8VQ8+IDQxpfQA==

styled-jsx@5.1.6:
  version "5.1.6"
  resolved "https://registry.yarnpkg.com/styled-jsx/-/styled-jsx-5.1.6.tgz#83b90c077e6c6a80f7f5e8781d0f311b2fe41499"
  integrity sha512-qSVyDTeMotdvQYoHWLNGwRFJHC+i+ZvdBRYosOFgC+Wg1vx4frN2/RG/NA7SYqqvKNLf39P2LSRA2pu6n0XYZA==
  dependencies:
    client-only "0.0.1"

swiper@12.1.3:
  version "12.1.3"
  resolved "https://registry.yarnpkg.com/swiper/-/swiper-12.1.3.tgz#0fd256e6ee043c85c077b0fa48faef7ed6acb051"
  integrity sha512-XcWlVmkHFICI4fuoJKgbp8PscDcS4i7pBH8nwJRBi3dpQvhCySwsWRYm4bOf/BzKVWkHOYaFw7qz9uBSrY3oug==

tabbable@^6.0.0:
  version "6.4.0"
  resolved "https://registry.yarnpkg.com/tabbable/-/tabbable-6.4.0.tgz#36eb7a06d80b3924a22095daf45740dea3bf5581"
  integrity sha512-05PUHKSNE8ou2dwIxTngl4EzcnsCDZGJ/iCLtDflR/SHB/ny14rXc+qU5P4mG9JkusiV7EivzY9Mhm55AzAvCg==

tailwind-merge@^3.6.0:
  version "3.6.0"
  resolved "https://registry.yarnpkg.com/tailwind-merge/-/tailwind-merge-3.6.0.tgz#88d83242d1dd7bc847223f73dcf210dd1f2ee11c"
  integrity sha512-uxL7qAVQriqRQPAyK3pj66VqskWqoZ37PW94jwOTwNfq/z9oyu1V+eqrZqtR2+fCiXdYOZe/Modt8GtvqNzu+w==

tailwindcss-animate@^1.0.7:
  version "1.0.7"
  resolved "https://registry.yarnpkg.com/tailwindcss-animate/-/tailwindcss-animate-1.0.7.tgz#318b692c4c42676cc9e67b19b78775742388bef4"
  integrity sha512-bl6mpH3T7I3UFxuvDEXLxy/VuFxBk5bbzplh7tXI68mwMokNYd1t9qPBHlnyTwfa4JGC4zP516I1hYYtQ/vspA==

tslib@^2.0.0, tslib@^2.1.0, tslib@^2.4.0, tslib@^2.8.0:
  version "2.8.1"
  resolved "https://registry.yarnpkg.com/tslib/-/tslib-2.8.1.tgz#612efe4ed235d567e8aba5f2a5fab70280ade83f"
  integrity sha512-oJFu94HQb+KVduSUQL7wnpmqnfmLsOA/nAh6b6EH0wCEoK0/mPeXU6c3wKDV83MkOuHPRHtSXKKU99IBazS/2w==

use-callback-ref@^1.3.3:
  version "1.3.3"
  resolved "https://registry.yarnpkg.com/use-callback-ref/-/use-callback-ref-1.3.3.tgz#98d9fab067075841c5b2c6852090d5d0feabe2bf"
  integrity sha512-jQL3lRnocaFtu3V00JToYz/4QkNWswxijDaCVNZRiRTO3HQDLsdu1ZtmIUvV4yPp+rvWm5j0y0TG/S61cuijTg==
  dependencies:
    tslib "^2.0.0"

use-sidecar@^1.1.3:
  version "1.1.3"
  resolved "https://registry.yarnpkg.com/use-sidecar/-/use-sidecar-1.1.3.tgz#10e7fd897d130b896e2c546c63a5e8233d00efdb"
  integrity sha512-Fedw0aZvkhynoPYlA5WXrMCAMm+nSWdZt6lzJQ7Ok8S6Q+VsHmHpRWndVRJ8Be0ZbkfPc5LRYH+5XrzXcEeLRQ==
  dependencies:
    detect-node-es "^1.1.0"
    tslib "^2.0.0"

use-sync-external-store@^1.5.0, use-sync-external-store@^1.6.0:
  version "1.6.0"
  resolved "https://registry.yarnpkg.com/use-sync-external-store/-/use-sync-external-store-1.6.0.tgz#b174bfa65cb2b526732d9f2ac0a408027876f32d"
  integrity sha512-Pp6GSwGP/NrPIrxVFAIkOQeyw8lFenOHijQWkUTrDvrF4ALqylP2C/KCkeS9dpUM3KvYRQhna5vt7IL95+ZQ9w==
